# This file was autogenerated by Stack.
# You should not edit this file by hand.
# For more information, please see the documentation at:
#   https://docs.haskellstack.org/en/stable/lock_files

packages: []
snapshots:
- completed:
    size: 569061
    url: https://raw.githubusercontent.com/commercialhaskell/stackage-snapshots/master/lts/10/8.yaml
    sha256: f9e19e2aade84238f65d3ef9d78fe68f0a3e9d8aac5c792fb0387e47527f3c70
  original: lts-10.8
