# This file was autogenerated by Stack.
# You should not edit this file by hand.
# For more information, please see the documentation at:
#   https://docs.haskellstack.org/en/stable/lock_files

packages:
- completed:
    hackage: yamlparse-applicative-0.1.0.2@sha256:bda91f2818c1b5b124963931cb7f9a4e5758d026c09713e9ae2234534062747d,2133
    pantry-tree:
      size: 799
      sha256: d7f9dc8e45e6c100a902f0595e6090169705d9451793ef1cb896237334a1b529
  original:
    hackage: yamlparse-applicative-0.1.0.2
- completed:
    hackage: envparse-0.4.1@sha256:989902e6368532548f61de1fa245ad2b39176cddd8743b20071af519a709ce30,2842
    pantry-tree:
      size: 1180
      sha256: 35044d67979fe2a5cff05cf8736a06a265592433cdd03e13a72908ceed892612
  original:
    hackage: envparse-0.4.1
- completed:
    size: 237673
    subdir: sydtest
    url: https://github.com/NorfairKing/sydtest/archive/7f2c040d835ea623f67382a213a0a1676e453e64.tar.gz
    name: sydtest
    version: 0.0.0.0
    sha256: 16a29108fd574d9fcca0328f61c689e0ddb87dd7b341c489692b4919ef158729
    pantry-tree:
      size: 2426
      sha256: fdb20387589c61a48b717fcfc7556ae30aa7280ce25ab54e4f2ce0cd6f212bae
  original:
    subdir: sydtest
    url: https://github.com/NorfairKing/sydtest/archive/7f2c040d835ea623f67382a213a0a1676e453e64.tar.gz
- completed:
    size: 237673
    subdir: sydtest-discover
    url: https://github.com/NorfairKing/sydtest/archive/7f2c040d835ea623f67382a213a0a1676e453e64.tar.gz
    name: sydtest-discover
    version: 0.0.0.0
    sha256: 16a29108fd574d9fcca0328f61c689e0ddb87dd7b341c489692b4919ef158729
    pantry-tree:
      size: 283
      sha256: bfa2c16ef6b643da28484919a0eec18d195ded030e28f6a1981f8fdb527732a4
  original:
    subdir: sydtest-discover
    url: https://github.com/NorfairKing/sydtest/archive/7f2c040d835ea623f67382a213a0a1676e453e64.tar.gz
snapshots:
- completed:
    size: 496112
    url: https://raw.githubusercontent.com/commercialhaskell/stackage-snapshots/master/lts/15/15.yaml
    sha256: 86169722ad0056ffc9eacc157ef80ee21d7024f92c0d2961c89ccf432db230a3
  original: lts-15.15
