# This file was autogenerated by Stack.
# You should not edit this file by hand.
# For more information, please see the documentation at:
#   https://docs.haskellstack.org/en/stable/lock_files

packages:
- completed:
    size: 59455
    subdir: autodocodec
    url: https://github.com/NorfairKing/autodocodec/archive/9880ec062f1166bdac50b8eb59c6dd010bc9af0c.tar.gz
    name: autodocodec
    version: 0.0.1.0
    sha256: 1e5836cd7e8a43a57c0af59639bc8d0d14811ce1c0b33da438c6eab2b12b1efd
    pantry-tree:
      size: 789
      sha256: bf5fcd9fcdb4c25d838def764d6fa17bc16176304ee6e5dd3606977dc53323cf
  original:
    subdir: autodocodec
    url: https://github.com/NorfairKing/autodocodec/archive/9880ec062f1166bdac50b8eb59c6dd010bc9af0c.tar.gz
- completed:
    size: 59455
    subdir: autodocodec-schema
    url: https://github.com/NorfairKing/autodocodec/archive/9880ec062f1166bdac50b8eb59c6dd010bc9af0c.tar.gz
    name: autodocodec-schema
    version: 0.1.0.0
    sha256: 1e5836cd7e8a43a57c0af59639bc8d0d14811ce1c0b33da438c6eab2b12b1efd
    pantry-tree:
      size: 336
      sha256: 29000820b2be961dcbae4128267736c7bc3dd8a2f43108bb736d5c75e590e5e1
  original:
    subdir: autodocodec-schema
    url: https://github.com/NorfairKing/autodocodec/archive/9880ec062f1166bdac50b8eb59c6dd010bc9af0c.tar.gz
- completed:
    size: 59455
    subdir: autodocodec-yaml
    url: https://github.com/NorfairKing/autodocodec/archive/9880ec062f1166bdac50b8eb59c6dd010bc9af0c.tar.gz
    name: autodocodec-yaml
    version: 0.1.0.1
    sha256: 1e5836cd7e8a43a57c0af59639bc8d0d14811ce1c0b33da438c6eab2b12b1efd
    pantry-tree:
      size: 540
      sha256: ab21512ebf56fe55b794451da17c5f746e42748fed0e1d03a50613d5410114ab
  original:
    subdir: autodocodec-yaml
    url: https://github.com/NorfairKing/autodocodec/archive/9880ec062f1166bdac50b8eb59c6dd010bc9af0c.tar.gz
- completed:
    size: 36630
    subdir: safe-coloured-text
    url: https://github.com/NorfairKing/safe-coloured-text/archive/7f157485e55528648a95edf3508a122b2e55779e.tar.gz
    name: safe-coloured-text
    version: 0.1.0.0
    sha256: b24f90ecbb906bfc71935fc34cbb08e339375a34e326be50dfd7c45ae457f189
    pantry-tree:
      size: 427
      sha256: bf43a24970a946ed4c8582ee0b6a1dd2b6597c6aef03f27def3b6ad6e2135e63
  original:
    subdir: safe-coloured-text
    url: https://github.com/NorfairKing/safe-coloured-text/archive/7f157485e55528648a95edf3508a122b2e55779e.tar.gz
- completed:
    size: 36630
    subdir: safe-coloured-text-terminfo
    url: https://github.com/NorfairKing/safe-coloured-text/archive/7f157485e55528648a95edf3508a122b2e55779e.tar.gz
    name: safe-coloured-text-terminfo
    version: 0.0.0.0
    sha256: b24f90ecbb906bfc71935fc34cbb08e339375a34e326be50dfd7c45ae457f189
    pantry-tree:
      size: 320
      sha256: 40852129a3a765c08df57c65436de69ce0471ef35e0bde128a7e0e0d732e5403
  original:
    subdir: safe-coloured-text-terminfo
    url: https://github.com/NorfairKing/safe-coloured-text/archive/7f157485e55528648a95edf3508a122b2e55779e.tar.gz
- completed:
    size: 283261
    subdir: sydtest
    url: https://github.com/NorfairKing/sydtest/archive/e75c55b920936e344b779093b2a0318fb35d1770.tar.gz
    name: sydtest
    version: 0.6.0.0
    sha256: 2f7c417de87c5f645b6defaf7cad4f80447e369802b85528315f253b2067f3bd
    pantry-tree:
      size: 3108
      sha256: 7cc1164a021717504b20e5fc24a630870e183433a68c22470a641e2eb0cf9117
  original:
    subdir: sydtest
    url: https://github.com/NorfairKing/sydtest/archive/e75c55b920936e344b779093b2a0318fb35d1770.tar.gz
- completed:
    size: 283261
    subdir: sydtest-discover
    url: https://github.com/NorfairKing/sydtest/archive/e75c55b920936e344b779093b2a0318fb35d1770.tar.gz
    name: sydtest-discover
    version: 0.0.0.1
    sha256: 2f7c417de87c5f645b6defaf7cad4f80447e369802b85528315f253b2067f3bd
    pantry-tree:
      size: 434
      sha256: 3889ae26601f20e36db5c699a3f5e60bec04b3fdf82d9808521e1102fd105880
  original:
    subdir: sydtest-discover
    url: https://github.com/NorfairKing/sydtest/archive/e75c55b920936e344b779093b2a0318fb35d1770.tar.gz
snapshots:
- completed:
    size: 586286
    url: https://raw.githubusercontent.com/commercialhaskell/stackage-snapshots/master/lts/18/16.yaml
    sha256: cdead65fca0323144b346c94286186f4969bf85594d649c49c7557295675d8a5
  original: lts-18.16
