# This file was autogenerated by Stack.
# You should not edit this file by hand.
# For more information, please see the documentation at:
#   https://docs.haskellstack.org/en/stable/topics/lock_files

packages:
- completed:
    name: safe-coloured-text
    pantry-tree:
      sha256: e570533758692db38e3765ba8e961d550351dcc7159bed9206b4f8ab8dfe78fb
      size: 530
    sha256: 0239d595eac23dedbce577ce91789d6d8823061fc1d93be25b6bc9860d834708
    size: 38981
    subdir: safe-coloured-text
    url: https://github.com/NorfairKing/safe-coloured-text/archive/046f10147a058c00c2706d98c341219e3cbc7669.tar.gz
    version: 0.3.0.2
  original:
    subdir: safe-coloured-text
    url: https://github.com/NorfairKing/safe-coloured-text/archive/046f10147a058c00c2706d98c341219e3cbc7669.tar.gz
- completed:
    name: safe-coloured-text-layout
    pantry-tree:
      sha256: 825c060c7857beb7212d7c06bbb598ebeed91f7b873a4758585c266d6e073bad
      size: 344
    sha256: 0239d595eac23dedbce577ce91789d6d8823061fc1d93be25b6bc9860d834708
    size: 38981
    subdir: safe-coloured-text-layout
    url: https://github.com/NorfairKing/safe-coloured-text/archive/046f10147a058c00c2706d98c341219e3cbc7669.tar.gz
    version: 0.2.0.1
  original:
    subdir: safe-coloured-text-layout
    url: https://github.com/NorfairKing/safe-coloured-text/archive/046f10147a058c00c2706d98c341219e3cbc7669.tar.gz
- completed:
    name: safe-coloured-text-gen
    pantry-tree:
      sha256: 478208926c26ea2faf9a76b3df284fc3964babf4123260d4099a1a80f3bc0b6e
      size: 8960
    sha256: 0239d595eac23dedbce577ce91789d6d8823061fc1d93be25b6bc9860d834708
    size: 38981
    subdir: safe-coloured-text-gen
    url: https://github.com/NorfairKing/safe-coloured-text/archive/046f10147a058c00c2706d98c341219e3cbc7669.tar.gz
    version: 0.0.0.3
  original:
    subdir: safe-coloured-text-gen
    url: https://github.com/NorfairKing/safe-coloured-text/archive/046f10147a058c00c2706d98c341219e3cbc7669.tar.gz
- completed:
    name: autodocodec
    pantry-tree:
      sha256: bfd0c35f68dabfb37837599b56040beacb9063f892bf5473ed47732c7840bfcd
      size: 913
    sha256: d000ef47bac37bc821bd04a79b257c194c4e06f7360fad7a259b2a93a04c5517
    size: 91786
    subdir: autodocodec
    url: https://github.com/NorfairKing/autodocodec/archive/d5f9869861d8678c7e6dfce339446fee490b8991.tar.gz
    version: 0.4.0.0
  original:
    subdir: autodocodec
    url: https://github.com/NorfairKing/autodocodec/archive/d5f9869861d8678c7e6dfce339446fee490b8991.tar.gz
- completed:
    name: autodocodec-nix
    pantry-tree:
      sha256: 075bdd584f529687dbf492212ce4dd651b67e375c951c2af5a71475864ba9213
      size: 381
    sha256: d000ef47bac37bc821bd04a79b257c194c4e06f7360fad7a259b2a93a04c5517
    size: 91786
    subdir: autodocodec-nix
    url: https://github.com/NorfairKing/autodocodec/archive/d5f9869861d8678c7e6dfce339446fee490b8991.tar.gz
    version: 0.0.1.0
  original:
    subdir: autodocodec-nix
    url: https://github.com/NorfairKing/autodocodec/archive/d5f9869861d8678c7e6dfce339446fee490b8991.tar.gz
- completed:
    name: autodocodec-schema
    pantry-tree:
      sha256: 661c1258ce7508e2a8d4c17597eda7e6b1f684b02cacbb7865962e380b57e8cf
      size: 387
    sha256: d000ef47bac37bc821bd04a79b257c194c4e06f7360fad7a259b2a93a04c5517
    size: 91786
    subdir: autodocodec-schema
    url: https://github.com/NorfairKing/autodocodec/archive/d5f9869861d8678c7e6dfce339446fee490b8991.tar.gz
    version: 0.2.0.0
  original:
    subdir: autodocodec-schema
    url: https://github.com/NorfairKing/autodocodec/archive/d5f9869861d8678c7e6dfce339446fee490b8991.tar.gz
- completed:
    name: autodocodec-yaml
    pantry-tree:
      sha256: 6563e1dc6cc3644484e566bc65ce2ef3617180932b74cfadbf3dea1c3f337068
      size: 592
    sha256: d000ef47bac37bc821bd04a79b257c194c4e06f7360fad7a259b2a93a04c5517
    size: 91786
    subdir: autodocodec-yaml
    url: https://github.com/NorfairKing/autodocodec/archive/d5f9869861d8678c7e6dfce339446fee490b8991.tar.gz
    version: 0.3.0.2
  original:
    subdir: autodocodec-yaml
    url: https://github.com/NorfairKing/autodocodec/archive/d5f9869861d8678c7e6dfce339446fee490b8991.tar.gz
- completed:
    name: opt-env-conf
    pantry-tree:
      sha256: ef55c5e800b4e75f9e0b6539ad2bd67022b28e38078201851346925a9223af5e
      size: 1299
    sha256: cc73f3b7441e5551fdcc8f4e44d06cd17bbc2b69d61920320fe52f3d67266bd5
    size: 90556
    subdir: opt-env-conf
    url: https://github.com/NorfairKing/opt-env-conf/archive/1a8d79f4748ae566c525de8951ee6907ac3739a8.tar.gz
    version: 0.5.0.0
  original:
    subdir: opt-env-conf
    url: https://github.com/NorfairKing/opt-env-conf/archive/1a8d79f4748ae566c525de8951ee6907ac3739a8.tar.gz
- completed:
    name: opt-env-conf-test
    pantry-tree:
      sha256: 0d7d65af2296e8cce224246ef3a59dc1057d927d7a4db31df2f16c2f14d870da
      size: 24716
    sha256: cc73f3b7441e5551fdcc8f4e44d06cd17bbc2b69d61920320fe52f3d67266bd5
    size: 90556
    subdir: opt-env-conf-test
    url: https://github.com/NorfairKing/opt-env-conf/archive/1a8d79f4748ae566c525de8951ee6907ac3739a8.tar.gz
    version: 0.0.0.0
  original:
    subdir: opt-env-conf-test
    url: https://github.com/NorfairKing/opt-env-conf/archive/1a8d79f4748ae566c525de8951ee6907ac3739a8.tar.gz
snapshots:
- completed:
    sha256: 309392e77af949aff34933aff53070c774d274b0f2f7e314df665c0d322c7715
    size: 726103
    url: https://raw.githubusercontent.com/commercialhaskell/stackage-snapshots/master/lts/24/16.yaml
  original: lts-24.16
